
Microsoft Visual Studio Solution File, Format Version 12.00
# Visual Studio Version 16
VisualStudioVersion = 16.0.30406.217
MinimumVisualStudioVersion = 10.0.40219.1
Project("{FAE04EC0-301F-11D3-BF4B-00C04F79EFBC}") = "Modeler.Core", "Modeler.Core\Modeler.Core.csproj", "{AE6822E5-8F83-4044-938E-D1CE467B90C4}"
EndProject
Project("{FAE04EC0-301F-11D3-BF4B-00C04F79EFBC}") = "Modeler.Renderer", "Modeler.Renderer\Modeler.Renderer.csproj", "{D21647D5-5C87-485E-9B05-88ED636C0B40}"
EndProject
Project("{FAE04EC0-301F-11D3-BF4B-00C04F79EFBC}") = "Modeler.App", "Modeler.App\Modeler.App.csproj", "{3B44A09D-1245-4F0A-A84C-2C531931FBE0}"
EndProject
Project("{FAE04EC0-301F-11D3-BF4B-00C04F79EFBC}") = "Modeler.IO", "Modeler.IO\Modeler.IO.csproj", "{760DB0B4-3329-42D4-BC7F-11B3E6D000E6}"
EndProject
Global
	GlobalSection(SolutionConfigurationPlatforms) = preSolution
		Debug|Any CPU = Debug|Any CPU
		Release|Any CPU = Release|Any CPU
	EndGlobalSection
	GlobalSection(ProjectConfigurationPlatforms) = postSolution
		{AE6822E5-8F83-4044-938E-D1CE467B90C4}.Debug|Any CPU.ActiveCfg = Debug|Any CPU
		{AE6822E5-8F83-4044-938E-D1CE467B90C4}.Debug|Any CPU.Build.0 = Debug|Any CPU
		{AE6822E5-8F83-4044-938E-D1CE467B90C4}.Release|Any CPU.ActiveCfg = Release|Any CPU
		{AE6822E5-8F83-4044-938E-D1CE467B90C4}.Release|Any CPU.Build.0 = Release|Any CPU
		{D21647D5-5C87-485E-9B05-88ED636C0B40}.Debug|Any CPU.ActiveCfg = Debug|Any CPU
		{D21647D5-5C87-485E-9B05-88ED636C0B40}.Debug|Any CPU.Build.0 = Debug|Any CPU
		{D21647D5-5C87-485E-9B05-88ED636C0B40}.Release|Any CPU.ActiveCfg = Release|Any CPU
		{D21647D5-5C87-485E-9B05-88ED636C0B40}.Release|Any CPU.Build.0 = Release|Any CPU
		{3B44A09D-1245-4F0A-A84C-2C531931FBE0}.Debug|Any CPU.ActiveCfg = Debug|Any CPU
		{3B44A09D-1245-4F0A-A84C-2C531931FBE0}.Debug|Any CPU.Build.0 = Debug|Any CPU
		{3B44A09D-1245-4F0A-A84C-2C531931FBE0}.Release|Any CPU.ActiveCfg = Release|Any CPU
		{3B44A09D-1245-4F0A-A84C-2C531931FBE0}.Release|Any CPU.Build.0 = Release|Any CPU
		{760DB0B4-3329-42D4-BC7F-11B3E6D000E6}.Debug|Any CPU.ActiveCfg = Debug|Any CPU
		{760DB0B4-3329-42D4-BC7F-11B3E6D000E6}.Debug|Any CPU.Build.0 = Debug|Any CPU
		{760DB0B4-3329-42D4-BC7F-11B3E6D000E6}.Release|Any CPU.ActiveCfg = Release|Any CPU
		{760DB0B4-3329-42D4-BC7F-11B3E6D000E6}.Release|Any CPU.Build.0 = Release|Any CPU
	EndGlobalSection
	GlobalSection(SolutionProperties) = preSolution
		HideSolutionNode = FALSE
	EndGlobalSection
	GlobalSection(ExtensibilityGlobals) = postSolution
		SolutionGuid = {7370F957-27E6-4CAB-BF42-F933E6794522}
	EndGlobalSection
EndGlobal
